
Microsoft Visual Studio Solution File, Format Version 12.00
# Visual Studio Version 17
VisualStudioVersion = 17.11.35327.3
MinimumVisualStudioVersion = 10.0.40219.1
Project("{FAE04EC0-301F-11D3-BF4B-00C04F79EFBC}") = "Main", "Main\Main.csproj", "{9FC65BFA-92B7-4172-9A00-AEEB0A2781E2}"
EndProject
Global
	GlobalSection(SolutionConfigurationPlatforms) = preSolution
		Debug|Any CPU = Debug|Any CPU
		Release|Any CPU = Release|Any CPU
	EndGlobalSection
	GlobalSection(ProjectConfigurationPlatforms) = postSolution
		{9FC65BFA-92B7-4172-9A00-AEEB0A2781E2}.Debug|Any CPU.ActiveCfg = Debug|Any CPU
		{9FC65BFA-92B7-4172-9A00-AEEB0A2781E2}.Debug|Any CPU.Build.0 = Debug|Any CPU
		{9FC65BFA-92B7-4172-9A00-AEEB0A2781E2}.Release|Any CPU.ActiveCfg = Release|Any CPU
		{9FC65BFA-92B7-4172-9A00-AEEB0A2781E2}.Release|Any CPU.Build.0 = Release|Any CPU
	EndGlobalSection
	GlobalSection(SolutionProperties) = preSolution
		HideSolutionNode = FALSE
	EndGlobalSection
	GlobalSection(ExtensibilityGlobals) = postSolution
		SolutionGuid = {C0E0B0FD-5522-4340-BE6D-E329727028DF}
	EndGlobalSection
EndGlobal
